
Microsoft Visual Studio Solution File, Format Version 12.00
# Visual Studio Version 17
VisualStudioVersion = 17.0.32112.339
MinimumVisualStudioVersion = 10.0.40219.1
Project("{FAE04EC0-301F-11D3-BF4B-00C04F79EFBC}") = "QuizGame", "QuizGame\QuizGame.csproj", "{6AA9C41E-BF0E-49C3-BC7F-9C54DE254D40}"
EndProject
Global
	GlobalSection(SolutionConfigurationPlatforms) = preSolution
		Debug|Any CPU = Debug|Any CPU
		Release|Any CPU = Release|Any CPU
	EndGlobalSection
	GlobalSection(ProjectConfigurationPlatforms) = postSolution
		{6AA9C41E-BF0E-49C3-BC7F-9C54DE254D40}.Debug|Any CPU.ActiveCfg = Debug|Any CPU
		{6AA9C41E-BF0E-49C3-BC7F-9C54DE254D40}.Debug|Any CPU.Build.0 = Debug|Any CPU
		{6AA9C41E-BF0E-49C3-BC7F-9C54DE254D40}.Release|Any CPU.ActiveCfg = Release|Any CPU
		{6AA9C41E-BF0E-49C3-BC7F-9C54DE254D40}.Release|Any CPU.Build.0 = Release|Any CPU
	EndGlobalSection
	GlobalSection(SolutionProperties) = preSolution
		HideSolutionNode = FALSE
	EndGlobalSection
	GlobalSection(ExtensibilityGlobals) = postSolution
		SolutionGuid = {0903B9AD-F703-4669-99AE-72550F063AC7}
	EndGlobalSection
EndGlobal
